# This file is autogenerated, do not edit; changes may be undone by the next 'dep ensure'.


[[projects]]
  digest = "1:dd7534d40cb4297ba8a3c952e4d4535a82ed0e95aa541a29d97fa080597520f9"
  name = "github.com/gedex/bp3d"
  packages = ["."]
  pruneopts = "UT"
  revision = "9789878e57527f00ae75044cdac2be1ca8ef3579"
  version = "0.0.1"

[solve-meta]
  analyzer-name = "dep"
  analyzer-version = 1
  input-imports = ["github.com/gedex/bp3d"]
  solver-name = "gps-cdcl"
  solver-version = 1
